
Microsoft Visual Studio Solution File, Format Version 12.00
# Visual Studio 2013
VisualStudioVersion = 12.0.21005.1
MinimumVisualStudioVersion = 10.0.40219.1
Project("{FAE04EC0-301F-11D3-BF4B-00C04F79EFBC}") = "DAL", "DAL\DAL.csproj", "{23D89953-5907-4894-948A-F62C40E71E69}"
EndProject
Project("{FAE04EC0-301F-11D3-BF4B-00C04F79EFBC}") = "BLL", "BLL\BLL.csproj", "{A20EE929-C8F4-48DF-947C-D4C7F57FAC57}"
EndProject
Project("{FAE04EC0-301F-11D3-BF4B-00C04F79EFBC}") = "Magasys-2016", "Magasys-2016\Magasys-2016.csproj", "{6C22F8F7-7872-4F30-8029-668FED91EBB4}"
EndProject
Project("{FAE04EC0-301F-11D3-BF4B-00C04F79EFBC}") = "COMMON", "COMMON\COMMON.csproj", "{34740EA4-5EB2-48B2-A790-4A81324977FF}"
EndProject
Global
	GlobalSection(SubversionScc) = preSolution
		Svn-Managed = True
		Manager = AnkhSVN - Subversion Support for Visual Studio
	EndGlobalSection
	GlobalSection(SolutionConfigurationPlatforms) = preSolution
		Debug|Any CPU = Debug|Any CPU
		Release|Any CPU = Release|Any CPU
	EndGlobalSection
	GlobalSection(ProjectConfigurationPlatforms) = postSolution
		{23D89953-5907-4894-948A-F62C40E71E69}.Debug|Any CPU.ActiveCfg = Debug|Any CPU
		{23D89953-5907-4894-948A-F62C40E71E69}.Debug|Any CPU.Build.0 = Debug|Any CPU
		{23D89953-5907-4894-948A-F62C40E71E69}.Release|Any CPU.ActiveCfg = Release|Any CPU
		{23D89953-5907-4894-948A-F62C40E71E69}.Release|Any CPU.Build.0 = Release|Any CPU
		{A20EE929-C8F4-48DF-947C-D4C7F57FAC57}.Debug|Any CPU.ActiveCfg = Debug|Any CPU
		{A20EE929-C8F4-48DF-947C-D4C7F57FAC57}.Debug|Any CPU.Build.0 = Debug|Any CPU
		{A20EE929-C8F4-48DF-947C-D4C7F57FAC57}.Release|Any CPU.ActiveCfg = Release|Any CPU
		{A20EE929-C8F4-48DF-947C-D4C7F57FAC57}.Release|Any CPU.Build.0 = Release|Any CPU
		{6C22F8F7-7872-4F30-8029-668FED91EBB4}.Debug|Any CPU.ActiveCfg = Debug|Any CPU
		{6C22F8F7-7872-4F30-8029-668FED91EBB4}.Debug|Any CPU.Build.0 = Debug|Any CPU
		{6C22F8F7-7872-4F30-8029-668FED91EBB4}.Release|Any CPU.ActiveCfg = Release|Any CPU
		{6C22F8F7-7872-4F30-8029-668FED91EBB4}.Release|Any CPU.Build.0 = Release|Any CPU
		{34740EA4-5EB2-48B2-A790-4A81324977FF}.Debug|Any CPU.ActiveCfg = Debug|Any CPU
		{34740EA4-5EB2-48B2-A790-4A81324977FF}.Debug|Any CPU.Build.0 = Debug|Any CPU
		{34740EA4-5EB2-48B2-A790-4A81324977FF}.Release|Any CPU.ActiveCfg = Release|Any CPU
		{34740EA4-5EB2-48B2-A790-4A81324977FF}.Release|Any CPU.Build.0 = Release|Any CPU
	EndGlobalSection
	GlobalSection(SolutionProperties) = preSolution
		HideSolutionNode = FALSE
	EndGlobalSection
EndGlobal
